
Microsoft Visual Studio Solution File, Format Version 12.00
# Visual Studio Version 17
VisualStudioVersion = 17.14.36109.1 d17.14
MinimumVisualStudioVersion = 10.0.40219.1
Project("{888888A0-9F3D-457C-B088-3A5042F75D52}") = "Render_Version01", "Render_Version01.pyproj", "{E91A8E8E-F05E-4D67-A346-D27AFFA8B298}"
EndProject
Global
	GlobalSection(SolutionConfigurationPlatforms) = preSolution
		Debug|Any CPU = Debug|Any CPU
		Release|Any CPU = Release|Any CPU
	EndGlobalSection
	GlobalSection(ProjectConfigurationPlatforms) = postSolution
		{E91A8E8E-F05E-4D67-A346-D27AFFA8B298}.Debug|Any CPU.ActiveCfg = Debug|Any CPU
		{E91A8E8E-F05E-4D67-A346-D27AFFA8B298}.Release|Any CPU.ActiveCfg = Release|Any CPU
	EndGlobalSection
	GlobalSection(SolutionProperties) = preSolution
		HideSolutionNode = FALSE
	EndGlobalSection
	GlobalSection(ExtensibilityGlobals) = postSolution
		SolutionGuid = {B72D1A69-EBF7-4970-8A56-836702ACAA7E}
	EndGlobalSection
EndGlobal
